
Microsoft Visual Studio Solution File, Format Version 12.00
# Visual Studio 15
VisualStudioVersion = 15.0.28307.421
MinimumVisualStudioVersion = 10.0.40219.1
Project("{FAE04EC0-301F-11D3-BF4B-00C04F79EFBC}") = "co5027_1626739_assignment", "co5027_1626739_assignment\co5027_1626739_assignment.csproj", "{51BFE9D1-9B3D-4578-AA0A-6A5087DC384A}"
EndProject
Global
	GlobalSection(SolutionConfigurationPlatforms) = preSolution
		Debug|Any CPU = Debug|Any CPU
		Release|Any CPU = Release|Any CPU
	EndGlobalSection
	GlobalSection(ProjectConfigurationPlatforms) = postSolution
		{51BFE9D1-9B3D-4578-AA0A-6A5087DC384A}.Debug|Any CPU.ActiveCfg = Debug|Any CPU
		{51BFE9D1-9B3D-4578-AA0A-6A5087DC384A}.Debug|Any CPU.Build.0 = Debug|Any CPU
		{51BFE9D1-9B3D-4578-AA0A-6A5087DC384A}.Release|Any CPU.ActiveCfg = Release|Any CPU
		{51BFE9D1-9B3D-4578-AA0A-6A5087DC384A}.Release|Any CPU.Build.0 = Release|Any CPU
	EndGlobalSection
	GlobalSection(SolutionProperties) = preSolution
		HideSolutionNode = FALSE
	EndGlobalSection
	GlobalSection(ExtensibilityGlobals) = postSolution
		SolutionGuid = {13F73BEF-DED4-4DA5-BAFE-01ED6EE6F227}
	EndGlobalSection
EndGlobal
